
Microsoft Visual Studio Solution File, Format Version 12.00
# Visual Studio Version 16
VisualStudioVersion = 16.0.31515.178
MinimumVisualStudioVersion = 10.0.40219.1
Project("{9A19103F-16F7-4668-BE54-9A1E7A4F7556}") = "Entities", "Entities\Entities.csproj", "{3427675B-2150-43D2-9A4C-26128C4E8C56}"
EndProject
Project("{9A19103F-16F7-4668-BE54-9A1E7A4F7556}") = "DataAccess", "DataAccess\DataAccess.csproj", "{99C11261-302D-4C57-8C89-7589E8CD58C4}"
EndProject
Project("{9A19103F-16F7-4668-BE54-9A1E7A4F7556}") = "Business", "Business\Business.csproj", "{6D6854FD-105D-4FDA-A797-DFA8A9AFEA73}"
EndProject
Project("{9A19103F-16F7-4668-BE54-9A1E7A4F7556}") = "1Console", "1Console\1Console.csproj", "{83C0C2C1-3012-4487-B76B-613BA82B7A08}"
EndProject
Project("{9A19103F-16F7-4668-BE54-9A1E7A4F7556}") = "Core", "Core\Core.csproj", "{C6700173-DFA5-411F-AC3D-8927D218C7CE}"
EndProject
Project("{FAE04EC0-301F-11D3-BF4B-00C04F79EFBC}") = "WebAPI", "WebAPI\WebAPI.csproj", "{8F99AC73-7397-4FE5-B69A-496500B11022}"
EndProject
Global
	GlobalSection(SolutionConfigurationPlatforms) = preSolution
		Debug|Any CPU = Debug|Any CPU
		Release|Any CPU = Release|Any CPU
	EndGlobalSection
	GlobalSection(ProjectConfigurationPlatforms) = postSolution
		{3427675B-2150-43D2-9A4C-26128C4E8C56}.Debug|Any CPU.ActiveCfg = Debug|Any CPU
		{3427675B-2150-43D2-9A4C-26128C4E8C56}.Debug|Any CPU.Build.0 = Debug|Any CPU
		{3427675B-2150-43D2-9A4C-26128C4E8C56}.Release|Any CPU.ActiveCfg = Release|Any CPU
		{3427675B-2150-43D2-9A4C-26128C4E8C56}.Release|Any CPU.Build.0 = Release|Any CPU
		{99C11261-302D-4C57-8C89-7589E8CD58C4}.Debug|Any CPU.ActiveCfg = Debug|Any CPU
		{99C11261-302D-4C57-8C89-7589E8CD58C4}.Debug|Any CPU.Build.0 = Debug|Any CPU
		{99C11261-302D-4C57-8C89-7589E8CD58C4}.Release|Any CPU.ActiveCfg = Release|Any CPU
		{99C11261-302D-4C57-8C89-7589E8CD58C4}.Release|Any CPU.Build.0 = Release|Any CPU
		{6D6854FD-105D-4FDA-A797-DFA8A9AFEA73}.Debug|Any CPU.ActiveCfg = Debug|Any CPU
		{6D6854FD-105D-4FDA-A797-DFA8A9AFEA73}.Debug|Any CPU.Build.0 = Debug|Any CPU
		{6D6854FD-105D-4FDA-A797-DFA8A9AFEA73}.Release|Any CPU.ActiveCfg = Release|Any CPU
		{6D6854FD-105D-4FDA-A797-DFA8A9AFEA73}.Release|Any CPU.Build.0 = Release|Any CPU
		{83C0C2C1-3012-4487-B76B-613BA82B7A08}.Debug|Any CPU.ActiveCfg = Debug|Any CPU
		{83C0C2C1-3012-4487-B76B-613BA82B7A08}.Debug|Any CPU.Build.0 = Debug|Any CPU
		{83C0C2C1-3012-4487-B76B-613BA82B7A08}.Release|Any CPU.ActiveCfg = Release|Any CPU
		{83C0C2C1-3012-4487-B76B-613BA82B7A08}.Release|Any CPU.Build.0 = Release|Any CPU
		{C6700173-DFA5-411F-AC3D-8927D218C7CE}.Debug|Any CPU.ActiveCfg = Debug|Any CPU
		{C6700173-DFA5-411F-AC3D-8927D218C7CE}.Debug|Any CPU.Build.0 = Debug|Any CPU
		{C6700173-DFA5-411F-AC3D-8927D218C7CE}.Release|Any CPU.ActiveCfg = Release|Any CPU
		{C6700173-DFA5-411F-AC3D-8927D218C7CE}.Release|Any CPU.Build.0 = Release|Any CPU
		{8F99AC73-7397-4FE5-B69A-496500B11022}.Debug|Any CPU.ActiveCfg = Debug|Any CPU
		{8F99AC73-7397-4FE5-B69A-496500B11022}.Debug|Any CPU.Build.0 = Debug|Any CPU
		{8F99AC73-7397-4FE5-B69A-496500B11022}.Release|Any CPU.ActiveCfg = Release|Any CPU
		{8F99AC73-7397-4FE5-B69A-496500B11022}.Release|Any CPU.Build.0 = Release|Any CPU
	EndGlobalSection
	GlobalSection(SolutionProperties) = preSolution
		HideSolutionNode = FALSE
	EndGlobalSection
	GlobalSection(ExtensibilityGlobals) = postSolution
		SolutionGuid = {7A4A961C-1220-431B-A3DE-DB450659A09D}
	EndGlobalSection
EndGlobal
